
Microsoft Visual Studio Solution File, Format Version 12.00
# Visual Studio Version 16
VisualStudioVersion = 16.0.31129.286
MinimumVisualStudioVersion = 10.0.40219.1
Project("{FAE04EC0-301F-11D3-BF4B-00C04F79EFBC}") = "CleanArchitecture.Api", "CleanArchitecture.Api\CleanArchitecture.Api.csproj", "{6F1A3401-820D-4E2B-A837-F68925A7D02E}"
EndProject
Project("{FAE04EC0-301F-11D3-BF4B-00C04F79EFBC}") = "CleanArchitecture.Domain", "CleanArchitecture.Domain\CleanArchitecture.Domain.csproj", "{AF36C395-DB47-4650-A4E7-999DD0320F11}"
EndProject
Project("{FAE04EC0-301F-11D3-BF4B-00C04F79EFBC}") = "CleanArchitecture.Application", "CleanArchitecture.Application\CleanArchitecture.Application.csproj", "{4E4BC719-0C38-4F6E-8403-2D1B68FAC528}"
EndProject
Project("{FAE04EC0-301F-11D3-BF4B-00C04F79EFBC}") = "CleanArchitecture.Infrastructure", "CleanArchitecture.Infrastructure\CleanArchitecture.Infrastructure.csproj", "{C2F8978E-7C13-4635-9470-41804C16CD8A}"
EndProject
Global
	GlobalSection(SolutionConfigurationPlatforms) = preSolution
		Debug|Any CPU = Debug|Any CPU
		Release|Any CPU = Release|Any CPU
	EndGlobalSection
	GlobalSection(ProjectConfigurationPlatforms) = postSolution
		{6F1A3401-820D-4E2B-A837-F68925A7D02E}.Debug|Any CPU.ActiveCfg = Debug|Any CPU
		{6F1A3401-820D-4E2B-A837-F68925A7D02E}.Debug|Any CPU.Build.0 = Debug|Any CPU
		{6F1A3401-820D-4E2B-A837-F68925A7D02E}.Release|Any CPU.ActiveCfg = Release|Any CPU
		{6F1A3401-820D-4E2B-A837-F68925A7D02E}.Release|Any CPU.Build.0 = Release|Any CPU
		{AF36C395-DB47-4650-A4E7-999DD0320F11}.Debug|Any CPU.ActiveCfg = Debug|Any CPU
		{AF36C395-DB47-4650-A4E7-999DD0320F11}.Debug|Any CPU.Build.0 = Debug|Any CPU
		{AF36C395-DB47-4650-A4E7-999DD0320F11}.Release|Any CPU.ActiveCfg = Release|Any CPU
		{AF36C395-DB47-4650-A4E7-999DD0320F11}.Release|Any CPU.Build.0 = Release|Any CPU
		{4E4BC719-0C38-4F6E-8403-2D1B68FAC528}.Debug|Any CPU.ActiveCfg = Debug|Any CPU
		{4E4BC719-0C38-4F6E-8403-2D1B68FAC528}.Debug|Any CPU.Build.0 = Debug|Any CPU
		{4E4BC719-0C38-4F6E-8403-2D1B68FAC528}.Release|Any CPU.ActiveCfg = Release|Any CPU
		{4E4BC719-0C38-4F6E-8403-2D1B68FAC528}.Release|Any CPU.Build.0 = Release|Any CPU
		{C2F8978E-7C13-4635-9470-41804C16CD8A}.Debug|Any CPU.ActiveCfg = Debug|Any CPU
		{C2F8978E-7C13-4635-9470-41804C16CD8A}.Debug|Any CPU.Build.0 = Debug|Any CPU
		{C2F8978E-7C13-4635-9470-41804C16CD8A}.Release|Any CPU.ActiveCfg = Release|Any CPU
		{C2F8978E-7C13-4635-9470-41804C16CD8A}.Release|Any CPU.Build.0 = Release|Any CPU
	EndGlobalSection
	GlobalSection(SolutionProperties) = preSolution
		HideSolutionNode = FALSE
	EndGlobalSection
	GlobalSection(ExtensibilityGlobals) = postSolution
		SolutionGuid = {9C8C404D-23CA-41B0-BFD3-DF9F2D5F7AEF}
	EndGlobalSection
EndGlobal
